// !$*UTF8*$!
{
	archiveVersion = 1;
	classes = {
	};
	objectVersion = 46;
	objects = {

/* Begin PBXBuildFile section */
		CB18CD3D227DEF3700F92C2F /* AADataService.m in Sources */ = {isa = PBXBuildFile; fileRef = CB18CD3C227DEF3700F92C2F /* AADataService.m */; };
		CB18CD43227E0B4400F92C2F /* AACharacter+CoreDataClass.m in Sources */ = {isa = PBXBuildFile; fileRef = CB18CD40227E0B4400F92C2F /* AACharacter+CoreDataClass.m */; };
		CB18CD44227E0B4400F92C2F /* AACharacter+CoreDataProperties.m in Sources */ = {isa = PBXBuildFile; fileRef = CB18CD42227E0B4400F92C2F /* AACharacter+CoreDataProperties.m */; };
		CB249B602276E75F00C2C84B /* AADatabaseDetailViewController.m in Sources */ = {isa = PBXBuildFile; fileRef = CB249B5F2276E75F00C2C84B /* AADatabaseDetailViewController.m */; };
		CB249B6C2276F02E00C2C84B /* AADatabaseDetailTableViewCell.m in Sources */ = {isa = PBXBuildFile; fileRef = CB249B6B2276F02E00C2C84B /* AADatabaseDetailTableViewCell.m */; };
		CB249B7622774BA300C2C84B /* AAGamePicture.m in Sources */ = {isa = PBXBuildFile; fileRef = CB249B7522774BA300C2C84B /* AAGamePicture.m */; };
		CB52924822857EA1008A8728 /* AAGameRandomNumbers.m in Sources */ = {isa = PBXBuildFile; fileRef = CB52924722857EA1008A8728 /* AAGameRandomNumbers.m */; };
		CB52924C2285888A008A8728 /* AAGameRootView.m in Sources */ = {isa = PBXBuildFile; fileRef = CB52924B2285888A008A8728 /* AAGameRootView.m */; };
		CBB568342270C71500FF5031 /* main.m in Sources */ = {isa = PBXBuildFile; fileRef = CBB568332270C71500FF5031 /* main.m */; };
		CBB568372270C71500FF5031 /* AppDelegate.m in Sources */ = {isa = PBXBuildFile; fileRef = CBB568362270C71500FF5031 /* AppDelegate.m */; };
		CBB5683D2270C71600FF5031 /* Main.storyboard in Resources */ = {isa = PBXBuildFile; fileRef = CBB5683B2270C71600FF5031 /* Main.storyboard */; };
		CBB568402270C71600FF5031 /* Rick_and_Morty__Characters.xcdatamodeld in Sources */ = {isa = PBXBuildFile; fileRef = CBB5683E2270C71600FF5031 /* Rick_and_Morty__Characters.xcdatamodeld */; };
		CBB568422270C71600FF5031 /* Assets.xcassets in Resources */ = {isa = PBXBuildFile; fileRef = CBB568412270C71600FF5031 /* Assets.xcassets */; };
		CBB568452270C71600FF5031 /* LaunchScreen.storyboard in Resources */ = {isa = PBXBuildFile; fileRef = CBB568432270C71600FF5031 /* LaunchScreen.storyboard */; };
		CBB568502270C71600FF5031 /* AAGameRandomNumbersTests.m in Sources */ = {isa = PBXBuildFile; fileRef = CBB5684F2270C71600FF5031 /* AAGameRandomNumbersTests.m */; };
		CBB5685B2270C71600FF5031 /* Rick_and_Morty__CharactersUITests.m in Sources */ = {isa = PBXBuildFile; fileRef = CBB5685A2270C71600FF5031 /* Rick_and_Morty__CharactersUITests.m */; };
		CBB5686A2270F2B100FF5031 /* AADatabaseViewController.m in Sources */ = {isa = PBXBuildFile; fileRef = CBB568692270F2B100FF5031 /* AADatabaseViewController.m */; };
		CBB568702270F2E000FF5031 /* AAGameViewController.m in Sources */ = {isa = PBXBuildFile; fileRef = CBB5686F2270F2E000FF5031 /* AAGameViewController.m */; };
		CBD555772275DB2200482512 /* AADatabaseCollectionViewCell.m in Sources */ = {isa = PBXBuildFile; fileRef = CBD555762275DB2200482512 /* AADatabaseCollectionViewCell.m */; };
		CBD5557B2275F98000482512 /* AACharacterModel.m in Sources */ = {isa = PBXBuildFile; fileRef = CBD5557A2275F98000482512 /* AACharacterModel.m */; };
		CBD5557F2275FC7400482512 /* AANetworkService.m in Sources */ = {isa = PBXBuildFile; fileRef = CBD5557E2275FC7400482512 /* AANetworkService.m */; };
/* End PBXBuildFile section */

/* Begin PBXContainerItemProxy section */
		CBB5684C2270C71600FF5031 /* PBXContainerItemProxy */ = {
			isa = PBXContainerItemProxy;
			containerPortal = CBB568272270C71500FF5031 /* Project object */;
			proxyType = 1;
			remoteGlobalIDString = CBB5682E2270C71500FF5031;
			remoteInfo = "Rick and Morty: Characters";
		};
		CBB568572270C71600FF5031 /* PBXContainerItemProxy */ = {
			isa = PBXContainerItemProxy;
			containerPortal = CBB568272270C71500FF5031 /* Project object */;
			proxyType = 1;
			remoteGlobalIDString = CBB5682E2270C71500FF5031;
			remoteInfo = "Rick and Morty: Characters";
		};
/* End PBXContainerItemProxy section */

/* Begin PBXFileReference section */
		CB18CD3B227DEF3700F92C2F /* AADataService.h */ = {isa = PBXFileReference; fileEncoding = 4; lastKnownFileType = sourcecode.c.h; path = AADataService.h; sourceTree = "<group>"; };
		CB18CD3C227DEF3700F92C2F /* AADataService.m */ = {isa = PBXFileReference; fileEncoding = 4; lastKnownFileType = sourcecode.c.objc; path = AADataService.m; sourceTree = "<group>"; };
		CB18CD3E227DF15200F92C2F /* AADataServiceProtocol.h */ = {isa = PBXFileReference; lastKnownFileType = sourcecode.c.h; path = AADataServiceProtocol.h; sourceTree = "<group>"; };
		CB18CD3F227E0B4400F92C2F /* AACharacter+CoreDataClass.h */ = {isa = PBXFileReference; fileEncoding = 4; lastKnownFileType = sourcecode.c.h; path = "AACharacter+CoreDataClass.h"; sourceTree = "<group>"; };
		CB18CD40227E0B4400F92C2F /* AACharacter+CoreDataClass.m */ = {isa = PBXFileReference; fileEncoding = 4; lastKnownFileType = sourcecode.c.objc; path = "AACharacter+CoreDataClass.m"; sourceTree = "<group>"; };
		CB18CD41227E0B4400F92C2F /* AACharacter+CoreDataProperties.h */ = {isa = PBXFileReference; fileEncoding = 4; lastKnownFileType = sourcecode.c.h; path = "AACharacter+CoreDataProperties.h"; sourceTree = "<group>"; };
		CB18CD42227E0B4400F92C2F /* AACharacter+CoreDataProperties.m */ = {isa = PBXFileReference; fileEncoding = 4; lastKnownFileType = sourcecode.c.objc; path = "AACharacter+CoreDataProperties.m"; sourceTree = "<group>"; };
		CB249B5E2276E75F00C2C84B /* AADatabaseDetailViewController.h */ = {isa = PBXFileReference; fileEncoding = 4; lastKnownFileType = sourcecode.c.h; path = AADatabaseDetailViewController.h; sourceTree = "<group>"; };
		CB249B5F2276E75F00C2C84B /* AADatabaseDetailViewController.m */ = {isa = PBXFileReference; fileEncoding = 4; lastKnownFileType = sourcecode.c.objc; path = AADatabaseDetailViewController.m; sourceTree = "<group>"; };
		CB249B6A2276F02E00C2C84B /* AADatabaseDetailTableViewCell.h */ = {isa = PBXFileReference; fileEncoding = 4; lastKnownFileType = sourcecode.c.h; path = AADatabaseDetailTableViewCell.h; sourceTree = "<group>"; };
		CB249B6B2276F02E00C2C84B /* AADatabaseDetailTableViewCell.m */ = {isa = PBXFileReference; fileEncoding = 4; lastKnownFileType = sourcecode.c.objc; path = AADatabaseDetailTableViewCell.m; sourceTree = "<group>"; };
		CB249B7422774BA300C2C84B /* AAGamePicture.h */ = {isa = PBXFileReference; fileEncoding = 4; lastKnownFileType = sourcecode.c.h; path = AAGamePicture.h; sourceTree = "<group>"; };
		CB249B7522774BA300C2C84B /* AAGamePicture.m */ = {isa = PBXFileReference; fileEncoding = 4; lastKnownFileType = sourcecode.c.objc; path = AAGamePicture.m; sourceTree = "<group>"; };
		CB52924622857EA1008A8728 /* AAGameRandomNumbers.h */ = {isa = PBXFileReference; fileEncoding = 4; lastKnownFileType = sourcecode.c.h; path = AAGameRandomNumbers.h; sourceTree = "<group>"; };
		CB52924722857EA1008A8728 /* AAGameRandomNumbers.m */ = {isa = PBXFileReference; fileEncoding = 4; lastKnownFileType = sourcecode.c.objc; path = AAGameRandomNumbers.m; sourceTree = "<group>"; };
		CB52924A2285888A008A8728 /* AAGameRootView.h */ = {isa = PBXFileReference; fileEncoding = 4; lastKnownFileType = sourcecode.c.h; path = AAGameRootView.h; sourceTree = "<group>"; };
		CB52924B2285888A008A8728 /* AAGameRootView.m */ = {isa = PBXFileReference; fileEncoding = 4; lastKnownFileType = sourcecode.c.objc; path = AAGameRootView.m; sourceTree = "<group>"; };
		CB52924D22858FB0008A8728 /* AAGameRootViewProtocol.h */ = {isa = PBXFileReference; lastKnownFileType = sourcecode.c.h; path = AAGameRootViewProtocol.h; sourceTree = "<group>"; };
		CB72E0B0228C7B4100DE8126 /* OCMock.framework */ = {isa = PBXFileReference; lastKnownFileType = wrapper.framework; path = OCMock.framework; sourceTree = "<group>"; };
		CBB5682F2270C71500FF5031 /* Rick and Morty: Characters.app */ = {isa = PBXFileReference; explicitFileType = wrapper.application; includeInIndex = 0; path = "Rick and Morty: Characters.app"; sourceTree = BUILT_PRODUCTS_DIR; };
		CBB568332270C71500FF5031 /* main.m */ = {isa = PBXFileReference; lastKnownFileType = sourcecode.c.objc; path = main.m; sourceTree = "<group>"; };
		CBB568352270C71500FF5031 /* AppDelegate.h */ = {isa = PBXFileReference; lastKnownFileType = sourcecode.c.h; path = AppDelegate.h; sourceTree = "<group>"; };
		CBB568362270C71500FF5031 /* AppDelegate.m */ = {isa = PBXFileReference; lastKnownFileType = sourcecode.c.objc; path = AppDelegate.m; sourceTree = "<group>"; };
		CBB5683C2270C71600FF5031 /* Base */ = {isa = PBXFileReference; lastKnownFileType = file.storyboard; name = Base; path = Base.lproj/Main.storyboard; sourceTree = "<group>"; };
		CBB5683F2270C71600FF5031 /* Rick_and_Morty__Characters.xcdatamodel */ = {isa = PBXFileReference; lastKnownFileType = wrapper.xcdatamodel; path = Rick_and_Morty__Characters.xcdatamodel; sourceTree = "<group>"; };
		CBB568412270C71600FF5031 /* Assets.xcassets */ = {isa = PBXFileReference; lastKnownFileType = folder.assetcatalog; path = Assets.xcassets; sourceTree = "<group>"; };
		CBB568442270C71600FF5031 /* Base */ = {isa = PBXFileReference; lastKnownFileType = file.storyboard; name = Base; path = Base.lproj/LaunchScreen.storyboard; sourceTree = "<group>"; };
		CBB568462270C71600FF5031 /* Info.plist */ = {isa = PBXFileReference; lastKnownFileType = text.plist.xml; path = Info.plist; sourceTree = "<group>"; };
		CBB5684B2270C71600FF5031 /* Rick and Morty: CharactersTests.xctest */ = {isa = PBXFileReference; explicitFileType = wrapper.cfbundle; includeInIndex = 0; path = "Rick and Morty: CharactersTests.xctest"; sourceTree = BUILT_PRODUCTS_DIR; };
		CBB5684F2270C71600FF5031 /* AAGameRandomNumbersTests.m */ = {isa = PBXFileReference; lastKnownFileType = sourcecode.c.objc; path = AAGameRandomNumbersTests.m; sourceTree = "<group>"; };
		CBB568512270C71600FF5031 /* Info.plist */ = {isa = PBXFileReference; lastKnownFileType = text.plist.xml; path = Info.plist; sourceTree = "<group>"; };
		CBB568562270C71600FF5031 /* Rick and Morty: CharactersUITests.xctest */ = {isa = PBXFileReference; explicitFileType = wrapper.cfbundle; includeInIndex = 0; path = "Rick and Morty: CharactersUITests.xctest"; sourceTree = BUILT_PRODUCTS_DIR; };
		CBB5685A2270C71600FF5031 /* Rick_and_Morty__CharactersUITests.m */ = {isa = PBXFileReference; lastKnownFileType = sourcecode.c.objc; path = Rick_and_Morty__CharactersUITests.m; sourceTree = "<group>"; };
		CBB5685C2270C71600FF5031 /* Info.plist */ = {isa = PBXFileReference; lastKnownFileType = text.plist.xml; path = Info.plist; sourceTree = "<group>"; };
		CBB568682270F2B100FF5031 /* AADatabaseViewController.h */ = {isa = PBXFileReference; fileEncoding = 4; lastKnownFileType = sourcecode.c.h; path = AADatabaseViewController.h; sourceTree = "<group>"; };
		CBB568692270F2B100FF5031 /* AADatabaseViewController.m */ = {isa = PBXFileReference; fileEncoding = 4; lastKnownFileType = sourcecode.c.objc; path = AADatabaseViewController.m; sourceTree = "<group>"; };
		CBB5686E2270F2E000FF5031 /* AAGameViewController.h */ = {isa = PBXFileReference; fileEncoding = 4; lastKnownFileType = sourcecode.c.h; path = AAGameViewController.h; sourceTree = "<group>"; };
		CBB5686F2270F2E000FF5031 /* AAGameViewController.m */ = {isa = PBXFileReference; fileEncoding = 4; lastKnownFileType = sourcecode.c.objc; path = AAGameViewController.m; sourceTree = "<group>"; };
		CBCC2A19227C641B0024214C /* AAGamePictureProtocol.h */ = {isa = PBXFileReference; lastKnownFileType = sourcecode.c.h; path = AAGamePictureProtocol.h; sourceTree = "<group>"; };
		CBD555752275DB2200482512 /* AADatabaseCollectionViewCell.h */ = {isa = PBXFileReference; fileEncoding = 4; lastKnownFileType = sourcecode.c.h; path = AADatabaseCollectionViewCell.h; sourceTree = "<group>"; };
		CBD555762275DB2200482512 /* AADatabaseCollectionViewCell.m */ = {isa = PBXFileReference; fileEncoding = 4; lastKnownFileType = sourcecode.c.objc; path = AADatabaseCollectionViewCell.m; sourceTree = "<group>"; };
		CBD555792275F98000482512 /* AACharacterModel.h */ = {isa = PBXFileReference; fileEncoding = 4; lastKnownFileType = sourcecode.c.h; path = AACharacterModel.h; sourceTree = "<group>"; };
		CBD5557A2275F98000482512 /* AACharacterModel.m */ = {isa = PBXFileReference; fileEncoding = 4; lastKnownFileType = sourcecode.c.objc; path = AACharacterModel.m; sourceTree = "<group>"; };
		CBD5557D2275FC7400482512 /* AANetworkService.h */ = {isa = PBXFileReference; fileEncoding = 4; lastKnownFileType = sourcecode.c.h; path = AANetworkService.h; sourceTree = "<group>"; };
		CBD5557E2275FC7400482512 /* AANetworkService.m */ = {isa = PBXFileReference; fileEncoding = 4; lastKnownFileType = sourcecode.c.objc; path = AANetworkService.m; sourceTree = "<group>"; };
		CBD555802275FD8B00482512 /* AANetworkServiceProtocol.h */ = {isa = PBXFileReference; lastKnownFileType = sourcecode.c.h; path = AANetworkServiceProtocol.h; sourceTree = "<group>"; };
/* End PBXFileReference section */

/* Begin PBXFrameworksBuildPhase section */
		CBB5682C2270C71500FF5031 /* Frameworks */ = {
			isa = PBXFrameworksBuildPhase;
			buildActionMask = 2147483647;
			files = (
			);
			runOnlyForDeploymentPostprocessing = 0;
		};
		CBB568482270C71600FF5031 /* Frameworks */ = {
			isa = PBXFrameworksBuildPhase;
			buildActionMask = 2147483647;
			files = (
			);
			runOnlyForDeploymentPostprocessing = 0;
		};
		CBB568532270C71600FF5031 /* Frameworks */ = {
			isa = PBXFrameworksBuildPhase;
			buildActionMask = 2147483647;
			files = (
			);
			runOnlyForDeploymentPostprocessing = 0;
		};
/* End PBXFrameworksBuildPhase section */

/* Begin PBXGroup section */
		CB18CD33227DE86900F92C2F /* CoreData */ = {
			isa = PBXGroup;
			children = (
				CB18CD3F227E0B4400F92C2F /* AACharacter+CoreDataClass.h */,
				CB18CD40227E0B4400F92C2F /* AACharacter+CoreDataClass.m */,
				CB18CD41227E0B4400F92C2F /* AACharacter+CoreDataProperties.h */,
				CB18CD42227E0B4400F92C2F /* AACharacter+CoreDataProperties.m */,
			);
			name = CoreData;
			sourceTree = "<group>";
		};
		CB18CD34227DE8CD00F92C2F /* DataService */ = {
			isa = PBXGroup;
			children = (
				CB18CD3E227DF15200F92C2F /* AADataServiceProtocol.h */,
				CB18CD3B227DEF3700F92C2F /* AADataService.h */,
				CB18CD3C227DEF3700F92C2F /* AADataService.m */,
			);
			name = DataService;
			sourceTree = "<group>";
		};
		CB249B5D2276E6CE00C2C84B /* DatabaseDetailViewControllerGroup */ = {
			isa = PBXGroup;
			children = (
				CB249B6E22773FE100C2C84B /* DatabaseDetailViewController */,
				CB249B662276EFC200C2C84B /* DatabaseDetailTableViewCell */,
			);
			name = DatabaseDetailViewControllerGroup;
			sourceTree = "<group>";
		};
		CB249B662276EFC200C2C84B /* DatabaseDetailTableViewCell */ = {
			isa = PBXGroup;
			children = (
				CB249B6A2276F02E00C2C84B /* AADatabaseDetailTableViewCell.h */,
				CB249B6B2276F02E00C2C84B /* AADatabaseDetailTableViewCell.m */,
			);
			name = DatabaseDetailTableViewCell;
			sourceTree = "<group>";
		};
		CB249B6D22773F8B00C2C84B /* DatabaseViewController */ = {
			isa = PBXGroup;
			children = (
				CBB568682270F2B100FF5031 /* AADatabaseViewController.h */,
				CBB568692270F2B100FF5031 /* AADatabaseViewController.m */,
			);
			name = DatabaseViewController;
			sourceTree = "<group>";
		};
		CB249B6E22773FE100C2C84B /* DatabaseDetailViewController */ = {
			isa = PBXGroup;
			children = (
				CB249B5E2276E75F00C2C84B /* AADatabaseDetailViewController.h */,
				CB249B5F2276E75F00C2C84B /* AADatabaseDetailViewController.m */,
			);
			name = DatabaseDetailViewController;
			sourceTree = "<group>";
		};
		CB249B7322774B3F00C2C84B /* GamePicture */ = {
			isa = PBXGroup;
			children = (
				CBCC2A19227C641B0024214C /* AAGamePictureProtocol.h */,
				CB249B7422774BA300C2C84B /* AAGamePicture.h */,
				CB249B7522774BA300C2C84B /* AAGamePicture.m */,
			);
			name = GamePicture;
			sourceTree = "<group>";
		};
		CB52924522857E58008A8728 /* GameRandomNumbers */ = {
			isa = PBXGroup;
			children = (
				CB52924622857EA1008A8728 /* AAGameRandomNumbers.h */,
				CB52924722857EA1008A8728 /* AAGameRandomNumbers.m */,
			);
			name = GameRandomNumbers;
			sourceTree = "<group>";
		};
		CB5292492285884B008A8728 /* GameRootView */ = {
			isa = PBXGroup;
			children = (
				CB52924D22858FB0008A8728 /* AAGameRootViewProtocol.h */,
				CB52924A2285888A008A8728 /* AAGameRootView.h */,
				CB52924B2285888A008A8728 /* AAGameRootView.m */,
			);
			name = GameRootView;
			sourceTree = "<group>";
		};
		CB72E0AF228C7B4000DE8126 /* Frameworks */ = {
			isa = PBXGroup;
			children = (
				CB72E0B0228C7B4100DE8126 /* OCMock.framework */,
			);
			name = Frameworks;
			sourceTree = "<group>";
		};
		CBB568262270C71500FF5031 = {
			isa = PBXGroup;
			children = (
				CBB568312270C71500FF5031 /* Rick and Morty: Characters */,
				CBB5684E2270C71600FF5031 /* Rick and Morty: CharactersTests */,
				CBB568592270C71600FF5031 /* Rick and Morty: CharactersUITests */,
				CBB568302270C71500FF5031 /* Products */,
				CB72E0AF228C7B4000DE8126 /* Frameworks */,
			);
			sourceTree = "<group>";
		};
		CBB568302270C71500FF5031 /* Products */ = {
			isa = PBXGroup;
			children = (
				CBB5682F2270C71500FF5031 /* Rick and Morty: Characters.app */,
				CBB5684B2270C71600FF5031 /* Rick and Morty: CharactersTests.xctest */,
				CBB568562270C71600FF5031 /* Rick and Morty: CharactersUITests.xctest */,
			);
			name = Products;
			sourceTree = "<group>";
		};
		CBB568312270C71500FF5031 /* Rick and Morty: Characters */ = {
			isa = PBXGroup;
			children = (
				CB18CD34227DE8CD00F92C2F /* DataService */,
				CB18CD33227DE86900F92C2F /* CoreData */,
				CBD555782275F94A00482512 /* CharacterModel */,
				CBD5557C2275FC1200482512 /* NetworkService */,
				CBD5556A2275D74400482512 /* GameTabBar */,
				CBD555682275D6EA00482512 /* DatabaseTabBar */,
				CBB568352270C71500FF5031 /* AppDelegate.h */,
				CBB568362270C71500FF5031 /* AppDelegate.m */,
				CBB5683B2270C71600FF5031 /* Main.storyboard */,
				CBB568412270C71600FF5031 /* Assets.xcassets */,
				CBB568432270C71600FF5031 /* LaunchScreen.storyboard */,
				CBB568462270C71600FF5031 /* Info.plist */,
				CBB5683E2270C71600FF5031 /* Rick_and_Morty__Characters.xcdatamodeld */,
				CBB568322270C71500FF5031 /* Supporting Files */,
			);
			path = "Rick and Morty: Characters";
			sourceTree = "<group>";
		};
		CBB568322270C71500FF5031 /* Supporting Files */ = {
			isa = PBXGroup;
			children = (
				CBB568332270C71500FF5031 /* main.m */,
			);
			name = "Supporting Files";
			sourceTree = "<group>";
		};
		CBB5684E2270C71600FF5031 /* Rick and Morty: CharactersTests */ = {
			isa = PBXGroup;
			children = (
				CBB5684F2270C71600FF5031 /* AAGameRandomNumbersTests.m */,
				CBB568512270C71600FF5031 /* Info.plist */,
			);
			path = "Rick and Morty: CharactersTests";
			sourceTree = "<group>";
		};
		CBB568592270C71600FF5031 /* Rick and Morty: CharactersUITests */ = {
			isa = PBXGroup;
			children = (
				CBB5685A2270C71600FF5031 /* Rick_and_Morty__CharactersUITests.m */,
				CBB5685C2270C71600FF5031 /* Info.plist */,
			);
			path = "Rick and Morty: CharactersUITests";
			sourceTree = "<group>";
		};
		CBD555682275D6EA00482512 /* DatabaseTabBar */ = {
			isa = PBXGroup;
			children = (
				CB249B5D2276E6CE00C2C84B /* DatabaseDetailViewControllerGroup */,
				CBD5556B2275D76D00482512 /* DatabaseViewControllerGroup */,
			);
			name = DatabaseTabBar;
			sourceTree = "<group>";
		};
		CBD5556A2275D74400482512 /* GameTabBar */ = {
			isa = PBXGroup;
			children = (
				CB5292492285884B008A8728 /* GameRootView */,
				CB52924522857E58008A8728 /* GameRandomNumbers */,
				CB249B7322774B3F00C2C84B /* GamePicture */,
				CBD5556E2275D7C800482512 /* GameViewController */,
			);
			name = GameTabBar;
			sourceTree = "<group>";
		};
		CBD5556B2275D76D00482512 /* DatabaseViewControllerGroup */ = {
			isa = PBXGroup;
			children = (
				CB249B6D22773F8B00C2C84B /* DatabaseViewController */,
				CBD555702275D83E00482512 /* DatabaseCollectionViewCell */,
			);
			name = DatabaseViewControllerGroup;
			sourceTree = "<group>";
		};
		CBD5556E2275D7C800482512 /* GameViewController */ = {
			isa = PBXGroup;
			children = (
				CBB5686E2270F2E000FF5031 /* AAGameViewController.h */,
				CBB5686F2270F2E000FF5031 /* AAGameViewController.m */,
			);
			name = GameViewController;
			sourceTree = "<group>";
		};
		CBD555702275D83E00482512 /* DatabaseCollectionViewCell */ = {
			isa = PBXGroup;
			children = (
				CBD555752275DB2200482512 /* AADatabaseCollectionViewCell.h */,
				CBD555762275DB2200482512 /* AADatabaseCollectionViewCell.m */,
			);
			name = DatabaseCollectionViewCell;
			sourceTree = "<group>";
		};
		CBD555782275F94A00482512 /* CharacterModel */ = {
			isa = PBXGroup;
			children = (
				CBD555792275F98000482512 /* AACharacterModel.h */,
				CBD5557A2275F98000482512 /* AACharacterModel.m */,
			);
			name = CharacterModel;
			sourceTree = "<group>";
		};
		CBD5557C2275FC1200482512 /* NetworkService */ = {
			isa = PBXGroup;
			children = (
				CBD555802275FD8B00482512 /* AANetworkServiceProtocol.h */,
				CBD5557D2275FC7400482512 /* AANetworkService.h */,
				CBD5557E2275FC7400482512 /* AANetworkService.m */,
			);
			name = NetworkService;
			sourceTree = "<group>";
		};
/* End PBXGroup section */

/* Begin PBXNativeTarget section */
		CBB5682E2270C71500FF5031 /* Rick and Morty: Characters */ = {
			isa = PBXNativeTarget;
			buildConfigurationList = CBB5685F2270C71700FF5031 /* Build configuration list for PBXNativeTarget "Rick and Morty: Characters" */;
			buildPhases = (
				CBB5682B2270C71500FF5031 /* Sources */,
				CBB5682C2270C71500FF5031 /* Frameworks */,
				CBB5682D2270C71500FF5031 /* Resources */,
			);
			buildRules = (
			);
			dependencies = (
			);
			name = "Rick and Morty: Characters";
			productName = "Rick and Morty: Characters";
			productReference = CBB5682F2270C71500FF5031 /* Rick and Morty: Characters.app */;
			productType = "com.apple.product-type.application";
		};
		CBB5684A2270C71600FF5031 /* Rick and Morty: CharactersTests */ = {
			isa = PBXNativeTarget;
			buildConfigurationList = CBB568622270C71700FF5031 /* Build configuration list for PBXNativeTarget "Rick and Morty: CharactersTests" */;
			buildPhases = (
				CBB568472270C71600FF5031 /* Sources */,
				CBB568482270C71600FF5031 /* Frameworks */,
				CBB568492270C71600FF5031 /* Resources */,
			);
			buildRules = (
			);
			dependencies = (
				CBB5684D2270C71600FF5031 /* PBXTargetDependency */,
			);
			name = "Rick and Morty: CharactersTests";
			productName = "Rick and Morty: CharactersTests";
			productReference = CBB5684B2270C71600FF5031 /* Rick and Morty: CharactersTests.xctest */;
			productType = "com.apple.product-type.bundle.unit-test";
		};
		CBB568552270C71600FF5031 /* Rick and Morty: CharactersUITests */ = {
			isa = PBXNativeTarget;
			buildConfigurationList = CBB568652270C71700FF5031 /* Build configuration list for PBXNativeTarget "Rick and Morty: CharactersUITests" */;
			buildPhases = (
				CBB568522270C71600FF5031 /* Sources */,
				CBB568532270C71600FF5031 /* Frameworks */,
				CBB568542270C71600FF5031 /* Resources */,
			);
			buildRules = (
			);
			dependencies = (
				CBB568582270C71600FF5031 /* PBXTargetDependency */,
			);
			name = "Rick and Morty: CharactersUITests";
			productName = "Rick and Morty: CharactersUITests";
			productReference = CBB568562270C71600FF5031 /* Rick and Morty: CharactersUITests.xctest */;
			productType = "com.apple.product-type.bundle.ui-testing";
		};
/* End PBXNativeTarget section */

/* Begin PBXProject section */
		CBB568272270C71500FF5031 /* Project object */ = {
			isa = PBXProject;
			attributes = {
				LastUpgradeCheck = 0820;
				ORGANIZATIONNAME = "Алексей Апестин";
				TargetAttributes = {
					CBB5682E2270C71500FF5031 = {
						CreatedOnToolsVersion = 8.2;
						DevelopmentTeam = QGYUUW2DD3;
						ProvisioningStyle = Automatic;
					};
					CBB5684A2270C71600FF5031 = {
						CreatedOnToolsVersion = 8.2;
						ProvisioningStyle = Automatic;
						TestTargetID = CBB5682E2270C71500FF5031;
					};
					CBB568552270C71600FF5031 = {
						CreatedOnToolsVersion = 8.2;
						ProvisioningStyle = Automatic;
						TestTargetID = CBB5682E2270C71500FF5031;
					};
				};
			};
			buildConfigurationList = CBB5682A2270C71500FF5031 /* Build configuration list for PBXProject "Rick and Morty: Characters" */;
			compatibilityVersion = "Xcode 3.2";
			developmentRegion = en;
			hasScannedForEncodings = 0;
			knownRegions = (
				en,
				Base,
			);
			mainGroup = CBB568262270C71500FF5031;
			productRefGroup = CBB568302270C71500FF5031 /* Products */;
			projectDirPath = "";
			projectRoot = "";
			targets = (
				CBB5682E2270C71500FF5031 /* Rick and Morty: Characters */,
				CBB5684A2270C71600FF5031 /* Rick and Morty: CharactersTests */,
				CBB568552270C71600FF5031 /* Rick and Morty: CharactersUITests */,
			);
		};
/* End PBXProject section */

/* Begin PBXResourcesBuildPhase section */
		CBB5682D2270C71500FF5031 /* Resources */ = {
			isa = PBXResourcesBuildPhase;
			buildActionMask = 2147483647;
			files = (
				CBB568452270C71600FF5031 /* LaunchScreen.storyboard in Resources */,
				CBB568422270C71600FF5031 /* Assets.xcassets in Resources */,
				CBB5683D2270C71600FF5031 /* Main.storyboard in Resources */,
			);
			runOnlyForDeploymentPostprocessing = 0;
		};
		CBB568492270C71600FF5031 /* Resources */ = {
			isa = PBXResourcesBuildPhase;
			buildActionMask = 2147483647;
			files = (
			);
			runOnlyForDeploymentPostprocessing = 0;
		};
		CBB568542270C71600FF5031 /* Resources */ = {
			isa = PBXResourcesBuildPhase;
			buildActionMask = 2147483647;
			files = (
			);
			runOnlyForDeploymentPostprocessing = 0;
		};
/* End PBXResourcesBuildPhase section */

/* Begin PBXSourcesBuildPhase section */
		CBB5682B2270C71500FF5031 /* Sources */ = {
			isa = PBXSourcesBuildPhase;
			buildActionMask = 2147483647;
			files = (
				CBD555772275DB2200482512 /* AADatabaseCollectionViewCell.m in Sources */,
				CB249B7622774BA300C2C84B /* AAGamePicture.m in Sources */,
				CBB568702270F2E000FF5031 /* AAGameViewController.m in Sources */,
				CB52924822857EA1008A8728 /* AAGameRandomNumbers.m in Sources */,
				CBB5686A2270F2B100FF5031 /* AADatabaseViewController.m in Sources */,
				CBD5557F2275FC7400482512 /* AANetworkService.m in Sources */,
				CBB568372270C71500FF5031 /* AppDelegate.m in Sources */,
				CBD5557B2275F98000482512 /* AACharacterModel.m in Sources */,
				CB249B6C2276F02E00C2C84B /* AADatabaseDetailTableViewCell.m in Sources */,
				CB18CD3D227DEF3700F92C2F /* AADataService.m in Sources */,
				CB52924C2285888A008A8728 /* AAGameRootView.m in Sources */,
				CB18CD43227E0B4400F92C2F /* AACharacter+CoreDataClass.m in Sources */,
				CB18CD44227E0B4400F92C2F /* AACharacter+CoreDataProperties.m in Sources */,
				CBB568402270C71600FF5031 /* Rick_and_Morty__Characters.xcdatamodeld in Sources */,
				CBB568342270C71500FF5031 /* main.m in Sources */,
				CB249B602276E75F00C2C84B /* AADatabaseDetailViewController.m in Sources */,
			);
			runOnlyForDeploymentPostprocessing = 0;
		};
		CBB568472270C71600FF5031 /* Sources */ = {
			isa = PBXSourcesBuildPhase;
			buildActionMask = 2147483647;
			files = (
				CBB568502270C71600FF5031 /* AAGameRandomNumbersTests.m in Sources */,
			);
			runOnlyForDeploymentPostprocessing = 0;
		};
		CBB568522270C71600FF5031 /* Sources */ = {
			isa = PBXSourcesBuildPhase;
			buildActionMask = 2147483647;
			files = (
				CBB5685B2270C71600FF5031 /* Rick_and_Morty__CharactersUITests.m in Sources */,
			);
			runOnlyForDeploymentPostprocessing = 0;
		};
/* End PBXSourcesBuildPhase section */

/* Begin PBXTargetDependency section */
		CBB5684D2270C71600FF5031 /* PBXTargetDependency */ = {
			isa = PBXTargetDependency;
			target = CBB5682E2270C71500FF5031 /* Rick and Morty: Characters */;
			targetProxy = CBB5684C2270C71600FF5031 /* PBXContainerItemProxy */;
		};
		CBB568582270C71600FF5031 /* PBXTargetDependency */ = {
			isa = PBXTargetDependency;
			target = CBB5682E2270C71500FF5031 /* Rick and Morty: Characters */;
			targetProxy = CBB568572270C71600FF5031 /* PBXContainerItemProxy */;
		};
/* End PBXTargetDependency section */

/* Begin PBXVariantGroup section */
		CBB5683B2270C71600FF5031 /* Main.storyboard */ = {
			isa = PBXVariantGroup;
			children = (
				CBB5683C2270C71600FF5031 /* Base */,
			);
			name = Main.storyboard;
			sourceTree = "<group>";
		};
		CBB568432270C71600FF5031 /* LaunchScreen.storyboard */ = {
			isa = PBXVariantGroup;
			children = (
				CBB568442270C71600FF5031 /* Base */,
			);
			name = LaunchScreen.storyboard;
			sourceTree = "<group>";
		};
/* End PBXVariantGroup section */

/* Begin XCBuildConfiguration section */
		CBB5685D2270C71600FF5031 /* Debug */ = {
			isa = XCBuildConfiguration;
			buildSettings = {
				ALWAYS_SEARCH_USER_PATHS = NO;
				CLANG_ANALYZER_NONNULL = YES;
				CLANG_CXX_LANGUAGE_STANDARD = "gnu++0x";
				CLANG_CXX_LIBRARY = "libc++";
				CLANG_ENABLE_MODULES = YES;
				CLANG_ENABLE_OBJC_ARC = YES;
				CLANG_WARN_BOOL_CONVERSION = YES;
				CLANG_WARN_CONSTANT_CONVERSION = YES;
				CLANG_WARN_DIRECT_OBJC_ISA_USAGE = YES_ERROR;
				CLANG_WARN_DOCUMENTATION_COMMENTS = YES;
				CLANG_WARN_EMPTY_BODY = YES;
				CLANG_WARN_ENUM_CONVERSION = YES;
				CLANG_WARN_INFINITE_RECURSION = YES;
				CLANG_WARN_INT_CONVERSION = YES;
				CLANG_WARN_OBJC_ROOT_CLASS = YES_ERROR;
				CLANG_WARN_SUSPICIOUS_MOVE = YES;
				CLANG_WARN_UNREACHABLE_CODE = YES;
				CLANG_WARN__DUPLICATE_METHOD_MATCH = YES;
				"CODE_SIGN_IDENTITY[sdk=iphoneos*]" = "iPhone Developer";
				COPY_PHASE_STRIP = NO;
				DEBUG_INFORMATION_FORMAT = dwarf;
				ENABLE_STRICT_OBJC_MSGSEND = YES;
				ENABLE_TESTABILITY = YES;
				GCC_C_LANGUAGE_STANDARD = gnu99;
				GCC_DYNAMIC_NO_PIC = NO;
				GCC_NO_COMMON_BLOCKS = YES;
				GCC_OPTIMIZATION_LEVEL = 0;
				GCC_PREPROCESSOR_DEFINITIONS = (
					"DEBUG=1",
					"$(inherited)",
				);
				GCC_WARN_64_TO_32_BIT_CONVERSION = YES;
				GCC_WARN_ABOUT_RETURN_TYPE = YES_ERROR;
				GCC_WARN_UNDECLARED_SELECTOR = YES;
				GCC_WARN_UNINITIALIZED_AUTOS = YES_AGGRESSIVE;
				GCC_WARN_UNUSED_FUNCTION = YES;
				GCC_WARN_UNUSED_VARIABLE = YES;
				IPHONEOS_DEPLOYMENT_TARGET = 13.0;
				MTL_ENABLE_DEBUG_INFO = YES;
				ONLY_ACTIVE_ARCH = YES;
				SDKROOT = iphoneos;
				TARGETED_DEVICE_FAMILY = "1,2";
			};
			name = Debug;
		};
		CBB5685E2270C71600FF5031 /* Release */ = {
			isa = XCBuildConfiguration;
			buildSettings = {
				ALWAYS_SEARCH_USER_PATHS = NO;
				CLANG_ANALYZER_NONNULL = YES;
				CLANG_CXX_LANGUAGE_STANDARD = "gnu++0x";
				CLANG_CXX_LIBRARY = "libc++";
				CLANG_ENABLE_MODULES = YES;
				CLANG_ENABLE_OBJC_ARC = YES;
				CLANG_WARN_BOOL_CONVERSION = YES;
				CLANG_WARN_CONSTANT_CONVERSION = YES;
				CLANG_WARN_DIRECT_OBJC_ISA_USAGE = YES_ERROR;
				CLANG_WARN_DOCUMENTATION_COMMENTS = YES;
				CLANG_WARN_EMPTY_BODY = YES;
				CLANG_WARN_ENUM_CONVERSION = YES;
				CLANG_WARN_INFINITE_RECURSION = YES;
				CLANG_WARN_INT_CONVERSION = YES;
				CLANG_WARN_OBJC_ROOT_CLASS = YES_ERROR;
				CLANG_WARN_SUSPICIOUS_MOVE = YES;
				CLANG_WARN_UNREACHABLE_CODE = YES;
				CLANG_WARN__DUPLICATE_METHOD_MATCH = YES;
				"CODE_SIGN_IDENTITY[sdk=iphoneos*]" = "iPhone Developer";
				COPY_PHASE_STRIP = NO;
				DEBUG_INFORMATION_FORMAT = "dwarf-with-dsym";
				ENABLE_NS_ASSERTIONS = NO;
				ENABLE_STRICT_OBJC_MSGSEND = YES;
				GCC_C_LANGUAGE_STANDARD = gnu99;
				GCC_NO_COMMON_BLOCKS = YES;
				GCC_WARN_64_TO_32_BIT_CONVERSION = YES;
				GCC_WARN_ABOUT_RETURN_TYPE = YES_ERROR;
				GCC_WARN_UNDECLARED_SELECTOR = YES;
				GCC_WARN_UNINITIALIZED_AUTOS = YES_AGGRESSIVE;
				GCC_WARN_UNUSED_FUNCTION = YES;
				GCC_WARN_UNUSED_VARIABLE = YES;
				IPHONEOS_DEPLOYMENT_TARGET = 13.0;
				MTL_ENABLE_DEBUG_INFO = NO;
				SDKROOT = iphoneos;
				TARGETED_DEVICE_FAMILY = "1,2";
				VALIDATE_PRODUCT = YES;
			};
			name = Release;
		};
		CBB568602270C71700FF5031 /* Debug */ = {
			isa = XCBuildConfiguration;
			buildSettings = {
				ASSETCATALOG_COMPILER_APPICON_NAME = AppIcon;
				DEVELOPMENT_TEAM = QGYUUW2DD3;
				INFOPLIST_FILE = "Rick and Morty: Characters/Info.plist";
				IPHONEOS_DEPLOYMENT_TARGET = 13.0;
				LD_RUNPATH_SEARCH_PATHS = "$(inherited) @executable_path/Frameworks";
				PRODUCT_BUNDLE_IDENTIFIER = "Rick-and-Morty--Characters";
				PRODUCT_NAME = "$(TARGET_NAME)";
				TARGETED_DEVICE_FAMILY = 1;
			};
			name = Debug;
		};
		CBB568612270C71700FF5031 /* Release */ = {
			isa = XCBuildConfiguration;
			buildSettings = {
				ASSETCATALOG_COMPILER_APPICON_NAME = AppIcon;
				DEVELOPMENT_TEAM = QGYUUW2DD3;
				INFOPLIST_FILE = "Rick and Morty: Characters/Info.plist";
				IPHONEOS_DEPLOYMENT_TARGET = 13.0;
				LD_RUNPATH_SEARCH_PATHS = "$(inherited) @executable_path/Frameworks";
				PRODUCT_BUNDLE_IDENTIFIER = "Rick-and-Morty--Characters";
				PRODUCT_NAME = "$(TARGET_NAME)";
				TARGETED_DEVICE_FAMILY = 1;
			};
			name = Release;
		};
		CBB568632270C71700FF5031 /* Debug */ = {
			isa = XCBuildConfiguration;
			buildSettings = {
				BUNDLE_LOADER = "$(TEST_HOST)";
				FRAMEWORK_SEARCH_PATHS = (
					"$(inherited)",
					"$(PROJECT_DIR)",
				);
				INFOPLIST_FILE = "Rick and Morty: CharactersTests/Info.plist";
				LD_RUNPATH_SEARCH_PATHS = "$(inherited) @executable_path/Frameworks @loader_path/Frameworks";
				PRODUCT_BUNDLE_IDENTIFIER = "trgfg657.Rick-and-Morty--CharactersTests";
				PRODUCT_NAME = "$(TARGET_NAME)";
				TEST_HOST = "$(BUILT_PRODUCTS_DIR)/Rick and Morty: Characters.app/Rick and Morty: Characters";
			};
			name = Debug;
		};
		CBB568642270C71700FF5031 /* Release */ = {
			isa = XCBuildConfiguration;
			buildSettings = {
				BUNDLE_LOADER = "$(TEST_HOST)";
				FRAMEWORK_SEARCH_PATHS = (
					"$(inherited)",
					"$(PROJECT_DIR)",
				);
				INFOPLIST_FILE = "Rick and Morty: CharactersTests/Info.plist";
				LD_RUNPATH_SEARCH_PATHS = "$(inherited) @executable_path/Frameworks @loader_path/Frameworks";
				PRODUCT_BUNDLE_IDENTIFIER = "trgfg657.Rick-and-Morty--CharactersTests";
				PRODUCT_NAME = "$(TARGET_NAME)";
				TEST_HOST = "$(BUILT_PRODUCTS_DIR)/Rick and Morty: Characters.app/Rick and Morty: Characters";
			};
			name = Release;
		};
		CBB568662270C71700FF5031 /* Debug */ = {
			isa = XCBuildConfiguration;
			buildSettings = {
				INFOPLIST_FILE = "Rick and Morty: CharactersUITests/Info.plist";
				LD_RUNPATH_SEARCH_PATHS = "$(inherited) @executable_path/Frameworks @loader_path/Frameworks";
				PRODUCT_BUNDLE_IDENTIFIER = "trgfg657.Rick-and-Morty--CharactersUITests";
				PRODUCT_NAME = "$(TARGET_NAME)";
				TEST_TARGET_NAME = "Rick and Morty: Characters";
			};
			name = Debug;
		};
		CBB568672270C71700FF5031 /* Release */ = {
			isa = XCBuildConfiguration;
			buildSettings = {
				INFOPLIST_FILE = "Rick and Morty: CharactersUITests/Info.plist";
				LD_RUNPATH_SEARCH_PATHS = "$(inherited) @executable_path/Frameworks @loader_path/Frameworks";
				PRODUCT_BUNDLE_IDENTIFIER = "trgfg657.Rick-and-Morty--CharactersUITests";
				PRODUCT_NAME = "$(TARGET_NAME)";
				TEST_TARGET_NAME = "Rick and Morty: Characters";
			};
			name = Release;
		};
/* End XCBuildConfiguration section */

/* Begin XCConfigurationList section */
		CBB5682A2270C71500FF5031 /* Build configuration list for PBXProject "Rick and Morty: Characters" */ = {
			isa = XCConfigurationList;
			buildConfigurations = (
				CBB5685D2270C71600FF5031 /* Debug */,
				CBB5685E2270C71600FF5031 /* Release */,
			);
			defaultConfigurationIsVisible = 0;
			defaultConfigurationName = Release;
		};
		CBB5685F2270C71700FF5031 /* Build configuration list for PBXNativeTarget "Rick and Morty: Characters" */ = {
			isa = XCConfigurationList;
			buildConfigurations = (
				CBB568602270C71700FF5031 /* Debug */,
				CBB568612270C71700FF5031 /* Release */,
			);
			defaultConfigurationIsVisible = 0;
			defaultConfigurationName = Release;
		};
		CBB568622270C71700FF5031 /* Build configuration list for PBXNativeTarget "Rick and Morty: CharactersTests" */ = {
			isa = XCConfigurationList;
			buildConfigurations = (
				CBB568632270C71700FF5031 /* Debug */,
				CBB568642270C71700FF5031 /* Release */,
			);
			defaultConfigurationIsVisible = 0;
			defaultConfigurationName = Release;
		};
		CBB568652270C71700FF5031 /* Build configuration list for PBXNativeTarget "Rick and Morty: CharactersUITests" */ = {
			isa = XCConfigurationList;
			buildConfigurations = (
				CBB568662270C71700FF5031 /* Debug */,
				CBB568672270C71700FF5031 /* Release */,
			);
			defaultConfigurationIsVisible = 0;
			defaultConfigurationName = Release;
		};
/* End XCConfigurationList section */

/* Begin XCVersionGroup section */
		CBB5683E2270C71600FF5031 /* Rick_and_Morty__Characters.xcdatamodeld */ = {
			isa = XCVersionGroup;
			children = (
				CBB5683F2270C71600FF5031 /* Rick_and_Morty__Characters.xcdatamodel */,
			);
			currentVersion = CBB5683F2270C71600FF5031 /* Rick_and_Morty__Characters.xcdatamodel */;
			path = Rick_and_Morty__Characters.xcdatamodeld;
			sourceTree = "<group>";
			versionGroupType = wrapper.xcdatamodel;
		};
/* End XCVersionGroup section */
	};
	rootObject = CBB568272270C71500FF5031 /* Project object */;
}
